// !$*UTF8*$!
{
	archiveVersion = 1;
	classes = {
	};
	objectVersion = 50;
	objects = {

/* Begin PBXBuildFile section */
		24B2875A2138CD5D0062AE3A /* AppDelegate.swift in Sources */ = {isa = PBXBuildFile; fileRef = 24B287592138CD5D0062AE3A /* AppDelegate.swift */; };
		24B2875C2138CD5D0062AE3A /* ViewController.swift in Sources */ = {isa = PBXBuildFile; fileRef = 24B2875B2138CD5D0062AE3A /* ViewController.swift */; };
		24B2875F2138CD5D0062AE3A /* Main.storyboard in Resources */ = {isa = PBXBuildFile; fileRef = 24B2875D2138CD5D0062AE3A /* Main.storyboard */; };
		24B287612138CD5E0062AE3A /* Assets.xcassets in Resources */ = {isa = PBXBuildFile; fileRef = 24B287602138CD5E0062AE3A /* Assets.xcassets */; };
		24B287642138CD5E0062AE3A /* LaunchScreen.storyboard in Resources */ = {isa = PBXBuildFile; fileRef = 24B287622138CD5E0062AE3A /* LaunchScreen.storyboard */; };
		24B2876F2138CD5F0062AE3A /* DotPattern_UIBezierPath_TestTests.swift in Sources */ = {isa = PBXBuildFile; fileRef = 24B2876E2138CD5F0062AE3A /* DotPattern_UIBezierPath_TestTests.swift */; };
		24B2877A2138CD5F0062AE3A /* DotPattern_UIBezierPath_TestUITests.swift in Sources */ = {isa = PBXBuildFile; fileRef = 24B287792138CD5F0062AE3A /* DotPattern_UIBezierPath_TestUITests.swift */; };
		24B287962138DC4A0062AE3A /* DotPattern_UIBezierPath.framework in Frameworks */ = {isa = PBXBuildFile; fileRef = 24B287932138DC3A0062AE3A /* DotPattern_UIBezierPath.framework */; };
		24B287972138DC4A0062AE3A /* DotPattern_UIBezierPath.framework in Embed Frameworks */ = {isa = PBXBuildFile; fileRef = 24B287932138DC3A0062AE3A /* DotPattern_UIBezierPath.framework */; settings = {ATTRIBUTES = (CodeSignOnCopy, RemoveHeadersOnCopy, ); }; };
		24B2879C2138E58E0062AE3A /* ViewDotViewController.swift in Sources */ = {isa = PBXBuildFile; fileRef = 24B2879B2138E58E0062AE3A /* ViewDotViewController.swift */; };
		24B2879E2138FA940062AE3A /* TabBarViewController.swift in Sources */ = {isa = PBXBuildFile; fileRef = 24B2879D2138FA940062AE3A /* TabBarViewController.swift */; };
		24B287A02138FFBF0062AE3A /* HeartViewController.swift in Sources */ = {isa = PBXBuildFile; fileRef = 24B2879F2138FFBF0062AE3A /* HeartViewController.swift */; };
		24B287EA213CFEF30062AE3A /* FishViewController.swift in Sources */ = {isa = PBXBuildFile; fileRef = 24B287E9213CFEF30062AE3A /* FishViewController.swift */; };
/* End PBXBuildFile section */

/* Begin PBXContainerItemProxy section */
		24B2876B2138CD5F0062AE3A /* PBXContainerItemProxy */ = {
			isa = PBXContainerItemProxy;
			containerPortal = 24B2874E2138CD5D0062AE3A /* Project object */;
			proxyType = 1;
			remoteGlobalIDString = 24B287552138CD5D0062AE3A;
			remoteInfo = "DotPattern-UIBezierPath-Test";
		};
		24B287762138CD5F0062AE3A /* PBXContainerItemProxy */ = {
			isa = PBXContainerItemProxy;
			containerPortal = 24B2874E2138CD5D0062AE3A /* Project object */;
			proxyType = 1;
			remoteGlobalIDString = 24B287552138CD5D0062AE3A;
			remoteInfo = "DotPattern-UIBezierPath-Test";
		};
		24B287922138DC3A0062AE3A /* PBXContainerItemProxy */ = {
			isa = PBXContainerItemProxy;
			containerPortal = 24B2878D2138DC3A0062AE3A /* DotPattern-UIBezierPath.xcodeproj */;
			proxyType = 2;
			remoteGlobalIDString = 24B287332138CC970062AE3A;
			remoteInfo = "DotPattern-UIBezierPath";
		};
		24B287942138DC3A0062AE3A /* PBXContainerItemProxy */ = {
			isa = PBXContainerItemProxy;
			containerPortal = 24B2878D2138DC3A0062AE3A /* DotPattern-UIBezierPath.xcodeproj */;
			proxyType = 2;
			remoteGlobalIDString = 24B2873C2138CC970062AE3A;
			remoteInfo = "DotPattern-UIBezierPathTests";
		};
		24B287982138DC4A0062AE3A /* PBXContainerItemProxy */ = {
			isa = PBXContainerItemProxy;
			containerPortal = 24B2878D2138DC3A0062AE3A /* DotPattern-UIBezierPath.xcodeproj */;
			proxyType = 1;
			remoteGlobalIDString = 24B287322138CC970062AE3A;
			remoteInfo = "DotPattern-UIBezierPath";
		};
/* End PBXContainerItemProxy section */

/* Begin PBXCopyFilesBuildPhase section */
		24B2879A2138DC4A0062AE3A /* Embed Frameworks */ = {
			isa = PBXCopyFilesBuildPhase;
			buildActionMask = 2147483647;
			dstPath = "";
			dstSubfolderSpec = 10;
			files = (
				24B287972138DC4A0062AE3A /* DotPattern_UIBezierPath.framework in Embed Frameworks */,
			);
			name = "Embed Frameworks";
			runOnlyForDeploymentPostprocessing = 0;
		};
/* End PBXCopyFilesBuildPhase section */

/* Begin PBXFileReference section */
		24B287562138CD5D0062AE3A /* DotPattern-UIBezierPath-Test.app */ = {isa = PBXFileReference; explicitFileType = wrapper.application; includeInIndex = 0; path = "DotPattern-UIBezierPath-Test.app"; sourceTree = BUILT_PRODUCTS_DIR; };
		24B287592138CD5D0062AE3A /* AppDelegate.swift */ = {isa = PBXFileReference; lastKnownFileType = sourcecode.swift; path = AppDelegate.swift; sourceTree = "<group>"; };
		24B2875B2138CD5D0062AE3A /* ViewController.swift */ = {isa = PBXFileReference; lastKnownFileType = sourcecode.swift; path = ViewController.swift; sourceTree = "<group>"; };
		24B2875E2138CD5D0062AE3A /* Base */ = {isa = PBXFileReference; lastKnownFileType = file.storyboard; name = Base; path = Base.lproj/Main.storyboard; sourceTree = "<group>"; };
		24B287602138CD5E0062AE3A /* Assets.xcassets */ = {isa = PBXFileReference; lastKnownFileType = folder.assetcatalog; path = Assets.xcassets; sourceTree = "<group>"; };
		24B287632138CD5E0062AE3A /* Base */ = {isa = PBXFileReference; lastKnownFileType = file.storyboard; name = Base; path = Base.lproj/LaunchScreen.storyboard; sourceTree = "<group>"; };
		24B287652138CD5E0062AE3A /* Info.plist */ = {isa = PBXFileReference; lastKnownFileType = text.plist.xml; path = Info.plist; sourceTree = "<group>"; };
		24B2876A2138CD5F0062AE3A /* DotPattern-UIBezierPath-TestTests.xctest */ = {isa = PBXFileReference; explicitFileType = wrapper.cfbundle; includeInIndex = 0; path = "DotPattern-UIBezierPath-TestTests.xctest"; sourceTree = BUILT_PRODUCTS_DIR; };
		24B2876E2138CD5F0062AE3A /* DotPattern_UIBezierPath_TestTests.swift */ = {isa = PBXFileReference; lastKnownFileType = sourcecode.swift; path = DotPattern_UIBezierPath_TestTests.swift; sourceTree = "<group>"; };
		24B287702138CD5F0062AE3A /* Info.plist */ = {isa = PBXFileReference; lastKnownFileType = text.plist.xml; path = Info.plist; sourceTree = "<group>"; };
		24B287752138CD5F0062AE3A /* DotPattern-UIBezierPath-TestUITests.xctest */ = {isa = PBXFileReference; explicitFileType = wrapper.cfbundle; includeInIndex = 0; path = "DotPattern-UIBezierPath-TestUITests.xctest"; sourceTree = BUILT_PRODUCTS_DIR; };
		24B287792138CD5F0062AE3A /* DotPattern_UIBezierPath_TestUITests.swift */ = {isa = PBXFileReference; lastKnownFileType = sourcecode.swift; path = DotPattern_UIBezierPath_TestUITests.swift; sourceTree = "<group>"; };
		24B2877B2138CD5F0062AE3A /* Info.plist */ = {isa = PBXFileReference; lastKnownFileType = text.plist.xml; path = Info.plist; sourceTree = "<group>"; };
		24B2878D2138DC3A0062AE3A /* DotPattern-UIBezierPath.xcodeproj */ = {isa = PBXFileReference; lastKnownFileType = "wrapper.pb-project"; name = "DotPattern-UIBezierPath.xcodeproj"; path = "../DotPattern-UIBezierPath/DotPattern-UIBezierPath.xcodeproj"; sourceTree = "<group>"; };
		24B2879B2138E58E0062AE3A /* ViewDotViewController.swift */ = {isa = PBXFileReference; lastKnownFileType = sourcecode.swift; path = ViewDotViewController.swift; sourceTree = "<group>"; };
		24B2879D2138FA940062AE3A /* TabBarViewController.swift */ = {isa = PBXFileReference; lastKnownFileType = sourcecode.swift; path = TabBarViewController.swift; sourceTree = "<group>"; };
		24B2879F2138FFBF0062AE3A /* HeartViewController.swift */ = {isa = PBXFileReference; lastKnownFileType = sourcecode.swift; path = HeartViewController.swift; sourceTree = "<group>"; };
		24B287E9213CFEF30062AE3A /* FishViewController.swift */ = {isa = PBXFileReference; lastKnownFileType = sourcecode.swift; path = FishViewController.swift; sourceTree = "<group>"; };
/* End PBXFileReference section */

/* Begin PBXFrameworksBuildPhase section */
		24B287532138CD5D0062AE3A /* Frameworks */ = {
			isa = PBXFrameworksBuildPhase;
			buildActionMask = 2147483647;
			files = (
				24B287962138DC4A0062AE3A /* DotPattern_UIBezierPath.framework in Frameworks */,
			);
			runOnlyForDeploymentPostprocessing = 0;
		};
		24B287672138CD5F0062AE3A /* Frameworks */ = {
			isa = PBXFrameworksBuildPhase;
			buildActionMask = 2147483647;
			files = (
			);
			runOnlyForDeploymentPostprocessing = 0;
		};
		24B287722138CD5F0062AE3A /* Frameworks */ = {
			isa = PBXFrameworksBuildPhase;
			buildActionMask = 2147483647;
			files = (
			);
			runOnlyForDeploymentPostprocessing = 0;
		};
/* End PBXFrameworksBuildPhase section */

/* Begin PBXGroup section */
		24B2874D2138CD5D0062AE3A = {
			isa = PBXGroup;
			children = (
				24B287582138CD5D0062AE3A /* DotPattern-UIBezierPath-Test */,
				24B2876D2138CD5F0062AE3A /* DotPattern-UIBezierPath-TestTests */,
				24B287782138CD5F0062AE3A /* DotPattern-UIBezierPath-TestUITests */,
				24B287572138CD5D0062AE3A /* Products */,
				24B2878D2138DC3A0062AE3A /* DotPattern-UIBezierPath.xcodeproj */,
			);
			sourceTree = "<group>";
		};
		24B287572138CD5D0062AE3A /* Products */ = {
			isa = PBXGroup;
			children = (
				24B287562138CD5D0062AE3A /* DotPattern-UIBezierPath-Test.app */,
				24B2876A2138CD5F0062AE3A /* DotPattern-UIBezierPath-TestTests.xctest */,
				24B287752138CD5F0062AE3A /* DotPattern-UIBezierPath-TestUITests.xctest */,
			);
			name = Products;
			sourceTree = "<group>";
		};
		24B287582138CD5D0062AE3A /* DotPattern-UIBezierPath-Test */ = {
			isa = PBXGroup;
			children = (
				24B287592138CD5D0062AE3A /* AppDelegate.swift */,
				24B2875B2138CD5D0062AE3A /* ViewController.swift */,
				24B2875D2138CD5D0062AE3A /* Main.storyboard */,
				24B287602138CD5E0062AE3A /* Assets.xcassets */,
				24B287622138CD5E0062AE3A /* LaunchScreen.storyboard */,
				24B287652138CD5E0062AE3A /* Info.plist */,
				24B2879D2138FA940062AE3A /* TabBarViewController.swift */,
				24B2879B2138E58E0062AE3A /* ViewDotViewController.swift */,
				24B2879F2138FFBF0062AE3A /* HeartViewController.swift */,
				24B287E9213CFEF30062AE3A /* FishViewController.swift */,
			);
			path = "DotPattern-UIBezierPath-Test";
			sourceTree = "<group>";
		};
		24B2876D2138CD5F0062AE3A /* DotPattern-UIBezierPath-TestTests */ = {
			isa = PBXGroup;
			children = (
				24B2876E2138CD5F0062AE3A /* DotPattern_UIBezierPath_TestTests.swift */,
				24B287702138CD5F0062AE3A /* Info.plist */,
			);
			path = "DotPattern-UIBezierPath-TestTests";
			sourceTree = "<group>";
		};
		24B287782138CD5F0062AE3A /* DotPattern-UIBezierPath-TestUITests */ = {
			isa = PBXGroup;
			children = (
				24B287792138CD5F0062AE3A /* DotPattern_UIBezierPath_TestUITests.swift */,
				24B2877B2138CD5F0062AE3A /* Info.plist */,
			);
			path = "DotPattern-UIBezierPath-TestUITests";
			sourceTree = "<group>";
		};
		24B2878E2138DC3A0062AE3A /* Products */ = {
			isa = PBXGroup;
			children = (
				24B287932138DC3A0062AE3A /* DotPattern_UIBezierPath.framework */,
				24B287952138DC3A0062AE3A /* DotPattern-UIBezierPathTests.xctest */,
			);
			name = Products;
			sourceTree = "<group>";
		};
/* End PBXGroup section */

/* Begin PBXNativeTarget section */
		24B287552138CD5D0062AE3A /* DotPattern-UIBezierPath-Test */ = {
			isa = PBXNativeTarget;
			buildConfigurationList = 24B2877E2138CD5F0062AE3A /* Build configuration list for PBXNativeTarget "DotPattern-UIBezierPath-Test" */;
			buildPhases = (
				24B287522138CD5D0062AE3A /* Sources */,
				24B287532138CD5D0062AE3A /* Frameworks */,
				24B287542138CD5D0062AE3A /* Resources */,
				24B2879A2138DC4A0062AE3A /* Embed Frameworks */,
			);
			buildRules = (
			);
			dependencies = (
				24B287992138DC4A0062AE3A /* PBXTargetDependency */,
			);
			name = "DotPattern-UIBezierPath-Test";
			productName = "DotPattern-UIBezierPath-Test";
			productReference = 24B287562138CD5D0062AE3A /* DotPattern-UIBezierPath-Test.app */;
			productType = "com.apple.product-type.application";
		};
		24B287692138CD5F0062AE3A /* DotPattern-UIBezierPath-TestTests */ = {
			isa = PBXNativeTarget;
			buildConfigurationList = 24B287812138CD5F0062AE3A /* Build configuration list for PBXNativeTarget "DotPattern-UIBezierPath-TestTests" */;
			buildPhases = (
				24B287662138CD5F0062AE3A /* Sources */,
				24B287672138CD5F0062AE3A /* Frameworks */,
				24B287682138CD5F0062AE3A /* Resources */,
			);
			buildRules = (
			);
			dependencies = (
				24B2876C2138CD5F0062AE3A /* PBXTargetDependency */,
			);
			name = "DotPattern-UIBezierPath-TestTests";
			productName = "DotPattern-UIBezierPath-TestTests";
			productReference = 24B2876A2138CD5F0062AE3A /* DotPattern-UIBezierPath-TestTests.xctest */;
			productType = "com.apple.product-type.bundle.unit-test";
		};
		24B287742138CD5F0062AE3A /* DotPattern-UIBezierPath-TestUITests */ = {
			isa = PBXNativeTarget;
			buildConfigurationList = 24B287842138CD5F0062AE3A /* Build configuration list for PBXNativeTarget "DotPattern-UIBezierPath-TestUITests" */;
			buildPhases = (
				24B287712138CD5F0062AE3A /* Sources */,
				24B287722138CD5F0062AE3A /* Frameworks */,
				24B287732138CD5F0062AE3A /* Resources */,
			);
			buildRules = (
			);
			dependencies = (
				24B287772138CD5F0062AE3A /* PBXTargetDependency */,
			);
			name = "DotPattern-UIBezierPath-TestUITests";
			productName = "DotPattern-UIBezierPath-TestUITests";
			productReference = 24B287752138CD5F0062AE3A /* DotPattern-UIBezierPath-TestUITests.xctest */;
			productType = "com.apple.product-type.bundle.ui-testing";
		};
/* End PBXNativeTarget section */

/* Begin PBXProject section */
		24B2874E2138CD5D0062AE3A /* Project object */ = {
			isa = PBXProject;
			attributes = {
				LastSwiftUpdateCheck = 0940;
				LastUpgradeCheck = 0940;
				ORGANIZATIONNAME = swieeft;
				TargetAttributes = {
					24B287552138CD5D0062AE3A = {
						CreatedOnToolsVersion = 9.4.1;
					};
					24B287692138CD5F0062AE3A = {
						CreatedOnToolsVersion = 9.4.1;
						TestTargetID = 24B287552138CD5D0062AE3A;
					};
					24B287742138CD5F0062AE3A = {
						CreatedOnToolsVersion = 9.4.1;
						TestTargetID = 24B287552138CD5D0062AE3A;
					};
				};
			};
			buildConfigurationList = 24B287512138CD5D0062AE3A /* Build configuration list for PBXProject "DotPattern-UIBezierPath-Test" */;
			compatibilityVersion = "Xcode 9.3";
			developmentRegion = en;
			hasScannedForEncodings = 0;
			knownRegions = (
				en,
				Base,
			);
			mainGroup = 24B2874D2138CD5D0062AE3A;
			productRefGroup = 24B287572138CD5D0062AE3A /* Products */;
			projectDirPath = "";
			projectReferences = (
				{
					ProductGroup = 24B2878E2138DC3A0062AE3A /* Products */;
					ProjectRef = 24B2878D2138DC3A0062AE3A /* DotPattern-UIBezierPath.xcodeproj */;
				},
			);
			projectRoot = "";
			targets = (
				24B287552138CD5D0062AE3A /* DotPattern-UIBezierPath-Test */,
				24B287692138CD5F0062AE3A /* DotPattern-UIBezierPath-TestTests */,
				24B287742138CD5F0062AE3A /* DotPattern-UIBezierPath-TestUITests */,
			);
		};
/* End PBXProject section */

/* Begin PBXReferenceProxy section */
		24B287932138DC3A0062AE3A /* DotPattern_UIBezierPath.framework */ = {
			isa = PBXReferenceProxy;
			fileType = wrapper.framework;
			path = DotPattern_UIBezierPath.framework;
			remoteRef = 24B287922138DC3A0062AE3A /* PBXContainerItemProxy */;
			sourceTree = BUILT_PRODUCTS_DIR;
		};
		24B287952138DC3A0062AE3A /* DotPattern-UIBezierPathTests.xctest */ = {
			isa = PBXReferenceProxy;
			fileType = wrapper.cfbundle;
			path = "DotPattern-UIBezierPathTests.xctest";
			remoteRef = 24B287942138DC3A0062AE3A /* PBXContainerItemProxy */;
			sourceTree = BUILT_PRODUCTS_DIR;
		};
/* End PBXReferenceProxy section */

/* Begin PBXResourcesBuildPhase section */
		24B287542138CD5D0062AE3A /* Resources */ = {
			isa = PBXResourcesBuildPhase;
			buildActionMask = 2147483647;
			files = (
				24B287642138CD5E0062AE3A /* LaunchScreen.storyboard in Resources */,
				24B287612138CD5E0062AE3A /* Assets.xcassets in Resources */,
				24B2875F2138CD5D0062AE3A /* Main.storyboard in Resources */,
			);
			runOnlyForDeploymentPostprocessing = 0;
		};
		24B287682138CD5F0062AE3A /* Resources */ = {
			isa = PBXResourcesBuildPhase;
			buildActionMask = 2147483647;
			files = (
			);
			runOnlyForDeploymentPostprocessing = 0;
		};
		24B287732138CD5F0062AE3A /* Resources */ = {
			isa = PBXResourcesBuildPhase;
			buildActionMask = 2147483647;
			files = (
			);
			runOnlyForDeploymentPostprocessing = 0;
		};
/* End PBXResourcesBuildPhase section */

/* Begin PBXSourcesBuildPhase section */
		24B287522138CD5D0062AE3A /* Sources */ = {
			isa = PBXSourcesBuildPhase;
			buildActionMask = 2147483647;
			files = (
				24B287EA213CFEF30062AE3A /* FishViewController.swift in Sources */,
				24B2879E2138FA940062AE3A /* TabBarViewController.swift in Sources */,
				24B2879C2138E58E0062AE3A /* ViewDotViewController.swift in Sources */,
				24B2875C2138CD5D0062AE3A /* ViewController.swift in Sources */,
				24B287A02138FFBF0062AE3A /* HeartViewController.swift in Sources */,
				24B2875A2138CD5D0062AE3A /* AppDelegate.swift in Sources */,
			);
			runOnlyForDeploymentPostprocessing = 0;
		};
		24B287662138CD5F0062AE3A /* Sources */ = {
			isa = PBXSourcesBuildPhase;
			buildActionMask = 2147483647;
			files = (
				24B2876F2138CD5F0062AE3A /* DotPattern_UIBezierPath_TestTests.swift in Sources */,
			);
			runOnlyForDeploymentPostprocessing = 0;
		};
		24B287712138CD5F0062AE3A /* Sources */ = {
			isa = PBXSourcesBuildPhase;
			buildActionMask = 2147483647;
			files = (
				24B2877A2138CD5F0062AE3A /* DotPattern_UIBezierPath_TestUITests.swift in Sources */,
			);
			runOnlyForDeploymentPostprocessing = 0;
		};
/* End PBXSourcesBuildPhase section */

/* Begin PBXTargetDependency section */
		24B2876C2138CD5F0062AE3A /* PBXTargetDependency */ = {
			isa = PBXTargetDependency;
			target = 24B287552138CD5D0062AE3A /* DotPattern-UIBezierPath-Test */;
			targetProxy = 24B2876B2138CD5F0062AE3A /* PBXContainerItemProxy */;
		};
		24B287772138CD5F0062AE3A /* PBXTargetDependency */ = {
			isa = PBXTargetDependency;
			target = 24B287552138CD5D0062AE3A /* DotPattern-UIBezierPath-Test */;
			targetProxy = 24B287762138CD5F0062AE3A /* PBXContainerItemProxy */;
		};
		24B287992138DC4A0062AE3A /* PBXTargetDependency */ = {
			isa = PBXTargetDependency;
			name = "DotPattern-UIBezierPath";
			targetProxy = 24B287982138DC4A0062AE3A /* PBXContainerItemProxy */;
		};
/* End PBXTargetDependency section */

/* Begin PBXVariantGroup section */
		24B2875D2138CD5D0062AE3A /* Main.storyboard */ = {
			isa = PBXVariantGroup;
			children = (
				24B2875E2138CD5D0062AE3A /* Base */,
			);
			name = Main.storyboard;
			sourceTree = "<group>";
		};
		24B287622138CD5E0062AE3A /* LaunchScreen.storyboard */ = {
			isa = PBXVariantGroup;
			children = (
				24B287632138CD5E0062AE3A /* Base */,
			);
			name = LaunchScreen.storyboard;
			sourceTree = "<group>";
		};
/* End PBXVariantGroup section */

/* Begin XCBuildConfiguration section */
		24B2877C2138CD5F0062AE3A /* Debug */ = {
			isa = XCBuildConfiguration;
			buildSettings = {
				ALWAYS_SEARCH_USER_PATHS = NO;
				CLANG_ANALYZER_NONNULL = YES;
				CLANG_ANALYZER_NUMBER_OBJECT_CONVERSION = YES_AGGRESSIVE;
				CLANG_CXX_LANGUAGE_STANDARD = "gnu++14";
				CLANG_CXX_LIBRARY = "libc++";
				CLANG_ENABLE_MODULES = YES;
				CLANG_ENABLE_OBJC_ARC = YES;
				CLANG_ENABLE_OBJC_WEAK = YES;
				CLANG_WARN_BLOCK_CAPTURE_AUTORELEASING = YES;
				CLANG_WARN_BOOL_CONVERSION = YES;
				CLANG_WARN_COMMA = YES;
				CLANG_WARN_CONSTANT_CONVERSION = YES;
				CLANG_WARN_DEPRECATED_OBJC_IMPLEMENTATIONS = YES;
				CLANG_WARN_DIRECT_OBJC_ISA_USAGE = YES_ERROR;
				CLANG_WARN_DOCUMENTATION_COMMENTS = YES;
				CLANG_WARN_EMPTY_BODY = YES;
				CLANG_WARN_ENUM_CONVERSION = YES;
				CLANG_WARN_INFINITE_RECURSION = YES;
				CLANG_WARN_INT_CONVERSION = YES;
				CLANG_WARN_NON_LITERAL_NULL_CONVERSION = YES;
				CLANG_WARN_OBJC_IMPLICIT_RETAIN_SELF = YES;
				CLANG_WARN_OBJC_LITERAL_CONVERSION = YES;
				CLANG_WARN_OBJC_ROOT_CLASS = YES_ERROR;
				CLANG_WARN_RANGE_LOOP_ANALYSIS = YES;
				CLANG_WARN_STRICT_PROTOTYPES = YES;
				CLANG_WARN_SUSPICIOUS_MOVE = YES;
				CLANG_WARN_UNGUARDED_AVAILABILITY = YES_AGGRESSIVE;
				CLANG_WARN_UNREACHABLE_CODE = YES;
				CLANG_WARN__DUPLICATE_METHOD_MATCH = YES;
				CODE_SIGN_IDENTITY = "iPhone Developer";
				COPY_PHASE_STRIP = NO;
				DEBUG_INFORMATION_FORMAT = dwarf;
				ENABLE_STRICT_OBJC_MSGSEND = YES;
				ENABLE_TESTABILITY = YES;
				GCC_C_LANGUAGE_STANDARD = gnu11;
				GCC_DYNAMIC_NO_PIC = NO;
				GCC_NO_COMMON_BLOCKS = YES;
				GCC_OPTIMIZATION_LEVEL = 0;
				GCC_PREPROCESSOR_DEFINITIONS = (
					"DEBUG=1",
					"$(inherited)",
				);
				GCC_WARN_64_TO_32_BIT_CONVERSION = YES;
				GCC_WARN_ABOUT_RETURN_TYPE = YES_ERROR;
				GCC_WARN_UNDECLARED_SELECTOR = YES;
				GCC_WARN_UNINITIALIZED_AUTOS = YES_AGGRESSIVE;
				GCC_WARN_UNUSED_FUNCTION = YES;
				GCC_WARN_UNUSED_VARIABLE = YES;
				IPHONEOS_DEPLOYMENT_TARGET = 11.4;
				MTL_ENABLE_DEBUG_INFO = YES;
				ONLY_ACTIVE_ARCH = YES;
				SDKROOT = iphoneos;
				SWIFT_ACTIVE_COMPILATION_CONDITIONS = DEBUG;
				SWIFT_OPTIMIZATION_LEVEL = "-Onone";
			};
			name = Debug;
		};
		24B2877D2138CD5F0062AE3A /* Release */ = {
			isa = XCBuildConfiguration;
			buildSettings = {
				ALWAYS_SEARCH_USER_PATHS = NO;
				CLANG_ANALYZER_NONNULL = YES;
				CLANG_ANALYZER_NUMBER_OBJECT_CONVERSION = YES_AGGRESSIVE;
				CLANG_CXX_LANGUAGE_STANDARD = "gnu++14";
				CLANG_CXX_LIBRARY = "libc++";
				CLANG_ENABLE_MODULES = YES;
				CLANG_ENABLE_OBJC_ARC = YES;
				CLANG_ENABLE_OBJC_WEAK = YES;
				CLANG_WARN_BLOCK_CAPTURE_AUTORELEASING = YES;
				CLANG_WARN_BOOL_CONVERSION = YES;
				CLANG_WARN_COMMA = YES;
				CLANG_WARN_CONSTANT_CONVERSION = YES;
				CLANG_WARN_DEPRECATED_OBJC_IMPLEMENTATIONS = YES;
				CLANG_WARN_DIRECT_OBJC_ISA_USAGE = YES_ERROR;
				CLANG_WARN_DOCUMENTATION_COMMENTS = YES;
				CLANG_WARN_EMPTY_BODY = YES;
				CLANG_WARN_ENUM_CONVERSION = YES;
				CLANG_WARN_INFINITE_RECURSION = YES;
				CLANG_WARN_INT_CONVERSION = YES;
				CLANG_WARN_NON_LITERAL_NULL_CONVERSION = YES;
				CLANG_WARN_OBJC_IMPLICIT_RETAIN_SELF = YES;
				CLANG_WARN_OBJC_LITERAL_CONVERSION = YES;
				CLANG_WARN_OBJC_ROOT_CLASS = YES_ERROR;
				CLANG_WARN_RANGE_LOOP_ANALYSIS = YES;
				CLANG_WARN_STRICT_PROTOTYPES = YES;
				CLANG_WARN_SUSPICIOUS_MOVE = YES;
				CLANG_WARN_UNGUARDED_AVAILABILITY = YES_AGGRESSIVE;
				CLANG_WARN_UNREACHABLE_CODE = YES;
				CLANG_WARN__DUPLICATE_METHOD_MATCH = YES;
				CODE_SIGN_IDENTITY = "iPhone Developer";
				COPY_PHASE_STRIP = NO;
				DEBUG_INFORMATION_FORMAT = "dwarf-with-dsym";
				ENABLE_NS_ASSERTIONS = NO;
				ENABLE_STRICT_OBJC_MSGSEND = YES;
				GCC_C_LANGUAGE_STANDARD = gnu11;
				GCC_NO_COMMON_BLOCKS = YES;
				GCC_WARN_64_TO_32_BIT_CONVERSION = YES;
				GCC_WARN_ABOUT_RETURN_TYPE = YES_ERROR;
				GCC_WARN_UNDECLARED_SELECTOR = YES;
				GCC_WARN_UNINITIALIZED_AUTOS = YES_AGGRESSIVE;
				GCC_WARN_UNUSED_FUNCTION = YES;
				GCC_WARN_UNUSED_VARIABLE = YES;
				IPHONEOS_DEPLOYMENT_TARGET = 11.4;
				MTL_ENABLE_DEBUG_INFO = NO;
				SDKROOT = iphoneos;
				SWIFT_COMPILATION_MODE = wholemodule;
				SWIFT_OPTIMIZATION_LEVEL = "-O";
				VALIDATE_PRODUCT = YES;
			};
			name = Release;
		};
		24B2877F2138CD5F0062AE3A /* Debug */ = {
			isa = XCBuildConfiguration;
			buildSettings = {
				ALWAYS_EMBED_SWIFT_STANDARD_LIBRARIES = YES;
				ASSETCATALOG_COMPILER_APPICON_NAME = AppIcon;
				CODE_SIGN_STYLE = Automatic;
				INFOPLIST_FILE = "DotPattern-UIBezierPath-Test/Info.plist";
				LD_RUNPATH_SEARCH_PATHS = (
					"$(inherited)",
					"@executable_path/Frameworks",
				);
				PRODUCT_BUNDLE_IDENTIFIER = "swieeft.DotPattern-UIBezierPath-Test";
				PRODUCT_NAME = "$(TARGET_NAME)";
				SWIFT_VERSION = 4.0;
				TARGETED_DEVICE_FAMILY = "1,2";
			};
			name = Debug;
		};
		24B287802138CD5F0062AE3A /* Release */ = {
			isa = XCBuildConfiguration;
			buildSettings = {
				ALWAYS_EMBED_SWIFT_STANDARD_LIBRARIES = YES;
				ASSETCATALOG_COMPILER_APPICON_NAME = AppIcon;
				CODE_SIGN_STYLE = Automatic;
				INFOPLIST_FILE = "DotPattern-UIBezierPath-Test/Info.plist";
				LD_RUNPATH_SEARCH_PATHS = (
					"$(inherited)",
					"@executable_path/Frameworks",
				);
				PRODUCT_BUNDLE_IDENTIFIER = "swieeft.DotPattern-UIBezierPath-Test";
				PRODUCT_NAME = "$(TARGET_NAME)";
				SWIFT_VERSION = 4.0;
				TARGETED_DEVICE_FAMILY = "1,2";
			};
			name = Release;
		};
		24B287822138CD5F0062AE3A /* Debug */ = {
			isa = XCBuildConfiguration;
			buildSettings = {
				ALWAYS_EMBED_SWIFT_STANDARD_LIBRARIES = YES;
				BUNDLE_LOADER = "$(TEST_HOST)";
				CODE_SIGN_STYLE = Automatic;
				INFOPLIST_FILE = "DotPattern-UIBezierPath-TestTests/Info.plist";
				LD_RUNPATH_SEARCH_PATHS = (
					"$(inherited)",
					"@executable_path/Frameworks",
					"@loader_path/Frameworks",
				);
				PRODUCT_BUNDLE_IDENTIFIER = "swieeft.DotPattern-UIBezierPath-TestTests";
				PRODUCT_NAME = "$(TARGET_NAME)";
				SWIFT_VERSION = 4.0;
				TARGETED_DEVICE_FAMILY = "1,2";
				TEST_HOST = "$(BUILT_PRODUCTS_DIR)/DotPattern-UIBezierPath-Test.app/DotPattern-UIBezierPath-Test";
			};
			name = Debug;
		};
		24B287832138CD5F0062AE3A /* Release */ = {
			isa = XCBuildConfiguration;
			buildSettings = {
				ALWAYS_EMBED_SWIFT_STANDARD_LIBRARIES = YES;
				BUNDLE_LOADER = "$(TEST_HOST)";
				CODE_SIGN_STYLE = Automatic;
				INFOPLIST_FILE = "DotPattern-UIBezierPath-TestTests/Info.plist";
				LD_RUNPATH_SEARCH_PATHS = (
					"$(inherited)",
					"@executable_path/Frameworks",
					"@loader_path/Frameworks",
				);
				PRODUCT_BUNDLE_IDENTIFIER = "swieeft.DotPattern-UIBezierPath-TestTests";
				PRODUCT_NAME = "$(TARGET_NAME)";
				SWIFT_VERSION = 4.0;
				TARGETED_DEVICE_FAMILY = "1,2";
				TEST_HOST = "$(BUILT_PRODUCTS_DIR)/DotPattern-UIBezierPath-Test.app/DotPattern-UIBezierPath-Test";
			};
			name = Release;
		};
		24B287852138CD5F0062AE3A /* Debug */ = {
			isa = XCBuildConfiguration;
			buildSettings = {
				ALWAYS_EMBED_SWIFT_STANDARD_LIBRARIES = YES;
				CODE_SIGN_STYLE = Automatic;
				INFOPLIST_FILE = "DotPattern-UIBezierPath-TestUITests/Info.plist";
				LD_RUNPATH_SEARCH_PATHS = (
					"$(inherited)",
					"@executable_path/Frameworks",
					"@loader_path/Frameworks",
				);
				PRODUCT_BUNDLE_IDENTIFIER = "swieeft.DotPattern-UIBezierPath-TestUITests";
				PRODUCT_NAME = "$(TARGET_NAME)";
				SWIFT_VERSION = 4.0;
				TARGETED_DEVICE_FAMILY = "1,2";
				TEST_TARGET_NAME = "DotPattern-UIBezierPath-Test";
			};
			name = Debug;
		};
		24B287862138CD5F0062AE3A /* Release */ = {
			isa = XCBuildConfiguration;
			buildSettings = {
				ALWAYS_EMBED_SWIFT_STANDARD_LIBRARIES = YES;
				CODE_SIGN_STYLE = Automatic;
				INFOPLIST_FILE = "DotPattern-UIBezierPath-TestUITests/Info.plist";
				LD_RUNPATH_SEARCH_PATHS = (
					"$(inherited)",
					"@executable_path/Frameworks",
					"@loader_path/Frameworks",
				);
				PRODUCT_BUNDLE_IDENTIFIER = "swieeft.DotPattern-UIBezierPath-TestUITests";
				PRODUCT_NAME = "$(TARGET_NAME)";
				SWIFT_VERSION = 4.0;
				TARGETED_DEVICE_FAMILY = "1,2";
				TEST_TARGET_NAME = "DotPattern-UIBezierPath-Test";
			};
			name = Release;
		};
/* End XCBuildConfiguration section */

/* Begin XCConfigurationList section */
		24B287512138CD5D0062AE3A /* Build configuration list for PBXProject "DotPattern-UIBezierPath-Test" */ = {
			isa = XCConfigurationList;
			buildConfigurations = (
				24B2877C2138CD5F0062AE3A /* Debug */,
				24B2877D2138CD5F0062AE3A /* Release */,
			);
			defaultConfigurationIsVisible = 0;
			defaultConfigurationName = Release;
		};
		24B2877E2138CD5F0062AE3A /* Build configuration list for PBXNativeTarget "DotPattern-UIBezierPath-Test" */ = {
			isa = XCConfigurationList;
			buildConfigurations = (
				24B2877F2138CD5F0062AE3A /* Debug */,
				24B287802138CD5F0062AE3A /* Release */,
			);
			defaultConfigurationIsVisible = 0;
			defaultConfigurationName = Release;
		};
		24B287812138CD5F0062AE3A /* Build configuration list for PBXNativeTarget "DotPattern-UIBezierPath-TestTests" */ = {
			isa = XCConfigurationList;
			buildConfigurations = (
				24B287822138CD5F0062AE3A /* Debug */,
				24B287832138CD5F0062AE3A /* Release */,
			);
			defaultConfigurationIsVisible = 0;
			defaultConfigurationName = Release;
		};
		24B287842138CD5F0062AE3A /* Build configuration list for PBXNativeTarget "DotPattern-UIBezierPath-TestUITests" */ = {
			isa = XCConfigurationList;
			buildConfigurations = (
				24B287852138CD5F0062AE3A /* Debug */,
				24B287862138CD5F0062AE3A /* Release */,
			);
			defaultConfigurationIsVisible = 0;
			defaultConfigurationName = Release;
		};
/* End XCConfigurationList section */
	};
	rootObject = 24B2874E2138CD5D0062AE3A /* Project object */;
}
